
Microsoft Visual Studio Solution File, Format Version 12.00
# Visual Studio Version 16
VisualStudioVersion = 16.0.29709.97
MinimumVisualStudioVersion = 10.0.40219.1
Project("{FAE04EC0-301F-11D3-BF4B-00C04F79EFBC}") = "Integration Testing", "Integration Testing.csproj", "{04AE4813-F3E9-4A8E-96BD-1418803EC87D}"
EndProject
Global
	GlobalSection(SolutionConfigurationPlatforms) = preSolution
		Debug|Any CPU = Debug|Any CPU
		Release|Any CPU = Release|Any CPU
	EndGlobalSection
	GlobalSection(ProjectConfigurationPlatforms) = postSolution
		{04AE4813-F3E9-4A8E-96BD-1418803EC87D}.Debug|Any CPU.ActiveCfg = Debug|Any CPU
		{04AE4813-F3E9-4A8E-96BD-1418803EC87D}.Debug|Any CPU.Build.0 = Debug|Any CPU
		{04AE4813-F3E9-4A8E-96BD-1418803EC87D}.Release|Any CPU.ActiveCfg = Release|Any CPU
		{04AE4813-F3E9-4A8E-96BD-1418803EC87D}.Release|Any CPU.Build.0 = Release|Any CPU
	EndGlobalSection
	GlobalSection(SolutionProperties) = preSolution
		HideSolutionNode = FALSE
	EndGlobalSection
	GlobalSection(ExtensibilityGlobals) = postSolution
		SolutionGuid = {42D1C170-807B-4686-8967-FCA079EE4E29}
	EndGlobalSection
EndGlobal
